
Microsoft Visual Studio Solution File, Format Version 12.00
# Visual Studio Version 16
VisualStudioVersion = 16.0.31205.134
MinimumVisualStudioVersion = 10.0.40219.1
Project("{FAE04EC0-301F-11D3-BF4B-00C04F79EFBC}") = "clientchat", "clientchat\clientchat.csproj", "{ACE25586-4CB0-4176-9D77-7A8FA05281F8}"
EndProject
Global
	GlobalSection(SolutionConfigurationPlatforms) = preSolution
		Debug|Any CPU = Debug|Any CPU
		Release|Any CPU = Release|Any CPU
	EndGlobalSection
	GlobalSection(ProjectConfigurationPlatforms) = postSolution
		{ACE25586-4CB0-4176-9D77-7A8FA05281F8}.Debug|Any CPU.ActiveCfg = Debug|Any CPU
		{ACE25586-4CB0-4176-9D77-7A8FA05281F8}.Debug|Any CPU.Build.0 = Debug|Any CPU
		{ACE25586-4CB0-4176-9D77-7A8FA05281F8}.Release|Any CPU.ActiveCfg = Release|Any CPU
		{ACE25586-4CB0-4176-9D77-7A8FA05281F8}.Release|Any CPU.Build.0 = Release|Any CPU
	EndGlobalSection
	GlobalSection(SolutionProperties) = preSolution
		HideSolutionNode = FALSE
	EndGlobalSection
	GlobalSection(ExtensibilityGlobals) = postSolution
		SolutionGuid = {C585D6CE-8A7E-45F5-B16E-DAD45CE9AF7D}
	EndGlobalSection
EndGlobal
